
Microsoft Visual Studio Solution File, Format Version 12.00
# Visual Studio Version 16
VisualStudioVersion = 16.0.32602.291
MinimumVisualStudioVersion = 10.0.40219.1
Project("{9A19103F-16F7-4668-BE54-9A1E7A4F7556}") = "AppCleanArchitecture.Domain", "AppCleanArchitecture.Domain\AppCleanArchitecture.Domain.csproj", "{9B3BB6B7-9DE7-43F7-8146-A4C71D1FF773}"
EndProject
Project("{9A19103F-16F7-4668-BE54-9A1E7A4F7556}") = "AppCleanArchitecture.Application", "AppCleanArchitecture.Application\AppCleanArchitecture.Application.csproj", "{6BCEDB38-9DFE-4D4F-AC42-5E0D5D9F713B}"
EndProject
Project("{9A19103F-16F7-4668-BE54-9A1E7A4F7556}") = "AppCleanArchitecture.Infra.Data", "AppCleanArchitecture.Infra.Data\AppCleanArchitecture.Infra.Data.csproj", "{26FC7DF1-3D5C-4889-A631-91968F115957}"
EndProject
Project("{9A19103F-16F7-4668-BE54-9A1E7A4F7556}") = "AppCleanArchitecture.Infra.IoC", "AppCleanArchitecture.Infra.IoC\AppCleanArchitecture.Infra.IoC.csproj", "{D3E65345-0AB7-444F-9BCC-61B9AF63F8EC}"
EndProject
Project("{9A19103F-16F7-4668-BE54-9A1E7A4F7556}") = "AppCleanArchitecture.WebUI", "AppCleanArchitecture.WebUI\AppCleanArchitecture.WebUI.csproj", "{7130206C-09A6-482F-AA4B-98282DFC00D3}"
EndProject
Project("{9A19103F-16F7-4668-BE54-9A1E7A4F7556}") = "AppCleanArchitecture.Domain.Tests", "AppCleanArchitecture.Domain.Tests\AppCleanArchitecture.Domain.Tests.csproj", "{A7D76E13-9692-4066-A71C-0774B15E7D01}"
	ProjectSection(ProjectDependencies) = postProject
		{9B3BB6B7-9DE7-43F7-8146-A4C71D1FF773} = {9B3BB6B7-9DE7-43F7-8146-A4C71D1FF773}
	EndProjectSection
EndProject
Project("{FAE04EC0-301F-11D3-BF4B-00C04F79EFBC}") = "AppCleanArchitecture.API", "AppCleanArchitecture.API\AppCleanArchitecture.API.csproj", "{ECFC8D61-694A-4D39-9490-21D2F2BE1B29}"
EndProject
Global
	GlobalSection(SolutionConfigurationPlatforms) = preSolution
		Debug|Any CPU = Debug|Any CPU
		Release|Any CPU = Release|Any CPU
	EndGlobalSection
	GlobalSection(ProjectConfigurationPlatforms) = postSolution
		{9B3BB6B7-9DE7-43F7-8146-A4C71D1FF773}.Debug|Any CPU.ActiveCfg = Debug|Any CPU
		{9B3BB6B7-9DE7-43F7-8146-A4C71D1FF773}.Debug|Any CPU.Build.0 = Debug|Any CPU
		{9B3BB6B7-9DE7-43F7-8146-A4C71D1FF773}.Release|Any CPU.ActiveCfg = Release|Any CPU
		{9B3BB6B7-9DE7-43F7-8146-A4C71D1FF773}.Release|Any CPU.Build.0 = Release|Any CPU
		{6BCEDB38-9DFE-4D4F-AC42-5E0D5D9F713B}.Debug|Any CPU.ActiveCfg = Debug|Any CPU
		{6BCEDB38-9DFE-4D4F-AC42-5E0D5D9F713B}.Debug|Any CPU.Build.0 = Debug|Any CPU
		{6BCEDB38-9DFE-4D4F-AC42-5E0D5D9F713B}.Release|Any CPU.ActiveCfg = Release|Any CPU
		{6BCEDB38-9DFE-4D4F-AC42-5E0D5D9F713B}.Release|Any CPU.Build.0 = Release|Any CPU
		{26FC7DF1-3D5C-4889-A631-91968F115957}.Debug|Any CPU.ActiveCfg = Debug|Any CPU
		{26FC7DF1-3D5C-4889-A631-91968F115957}.Debug|Any CPU.Build.0 = Debug|Any CPU
		{26FC7DF1-3D5C-4889-A631-91968F115957}.Release|Any CPU.ActiveCfg = Release|Any CPU
		{26FC7DF1-3D5C-4889-A631-91968F115957}.Release|Any CPU.Build.0 = Release|Any CPU
		{D3E65345-0AB7-444F-9BCC-61B9AF63F8EC}.Debug|Any CPU.ActiveCfg = Debug|Any CPU
		{D3E65345-0AB7-444F-9BCC-61B9AF63F8EC}.Debug|Any CPU.Build.0 = Debug|Any CPU
		{D3E65345-0AB7-444F-9BCC-61B9AF63F8EC}.Release|Any CPU.ActiveCfg = Release|Any CPU
		{D3E65345-0AB7-444F-9BCC-61B9AF63F8EC}.Release|Any CPU.Build.0 = Release|Any CPU
		{7130206C-09A6-482F-AA4B-98282DFC00D3}.Debug|Any CPU.ActiveCfg = Debug|Any CPU
		{7130206C-09A6-482F-AA4B-98282DFC00D3}.Debug|Any CPU.Build.0 = Debug|Any CPU
		{7130206C-09A6-482F-AA4B-98282DFC00D3}.Release|Any CPU.ActiveCfg = Release|Any CPU
		{7130206C-09A6-482F-AA4B-98282DFC00D3}.Release|Any CPU.Build.0 = Release|Any CPU
		{A7D76E13-9692-4066-A71C-0774B15E7D01}.Debug|Any CPU.ActiveCfg = Debug|Any CPU
		{A7D76E13-9692-4066-A71C-0774B15E7D01}.Debug|Any CPU.Build.0 = Debug|Any CPU
		{A7D76E13-9692-4066-A71C-0774B15E7D01}.Release|Any CPU.ActiveCfg = Release|Any CPU
		{A7D76E13-9692-4066-A71C-0774B15E7D01}.Release|Any CPU.Build.0 = Release|Any CPU
		{ECFC8D61-694A-4D39-9490-21D2F2BE1B29}.Debug|Any CPU.ActiveCfg = Debug|Any CPU
		{ECFC8D61-694A-4D39-9490-21D2F2BE1B29}.Debug|Any CPU.Build.0 = Debug|Any CPU
		{ECFC8D61-694A-4D39-9490-21D2F2BE1B29}.Release|Any CPU.ActiveCfg = Release|Any CPU
		{ECFC8D61-694A-4D39-9490-21D2F2BE1B29}.Release|Any CPU.Build.0 = Release|Any CPU
	EndGlobalSection
	GlobalSection(SolutionProperties) = preSolution
		HideSolutionNode = FALSE
	EndGlobalSection
	GlobalSection(ExtensibilityGlobals) = postSolution
		SolutionGuid = {55AB6E71-E17E-4199-BB02-84A7D76FB206}
	EndGlobalSection
EndGlobal
